Microsoft Visual Studio Solution File, Format Version 11.00
# Visual Studio 2008

Project("{6B0E1415-7764-48C9-614E-B6CABDF9CC0B}") = "SG-RehabilitationGame", "Assembly-CSharp.csproj", "{F24D0016-AF44-4534-37F6-7CE575B8A871}"
EndProject
Global
	GlobalSection(SolutionConfigurationPlatforms) = preSolution
		Debug|Any CPU = Debug|Any CPU
		Release|Any CPU = Release|Any CPU
	EndGlobalSection
	GlobalSection(ProjectConfigurationPlatforms) = postSolution
		{F24D0016-AF44-4534-37F6-7CE575B8A871}.Debug|Any CPU.ActiveCfg = Debug|Any CPU
		{F24D0016-AF44-4534-37F6-7CE575B8A871}.Debug|Any CPU.Build.0 = Debug|Any CPU
		{F24D0016-AF44-4534-37F6-7CE575B8A871}.Release|Any CPU.ActiveCfg = Release|Any CPU
		{F24D0016-AF44-4534-37F6-7CE575B8A871}.Release|Any CPU.Build.0 = Release|Any CPU
	EndGlobalSection
	GlobalSection(SolutionProperties) = preSolution
		HideSolutionNode = FALSE
	EndGlobalSection
	GlobalSection(MonoDevelopProperties) = preSolution
		StartupItem = Assembly-CSharp.csproj
	EndGlobalSection
EndGlobal
